{
  "name": "football-ground-booking-management",
  "version": "0.0.0",
  "lockfileVersion": 1,
  "requires": true,
  "dependencies": {
    "@angular/animations": {
      "version": "7.2.15",
      "resolved": "https://registry.npmjs.org/@angular/animations/-/animations-7.2.15.tgz",
      "integrity": "sha512-8oBt3HLgd2+kyJHUgsd7OzKCCss67t2sch15XNoIWlOLfxclqU+EfFE6t/vCzpT8/+lpZS6LU9ZrTnb+UBj5jg==",
      "requires": {
        "tslib": "^1.9.0"
      },
      "dependencies": {
        "tslib": {
          "version": "1.10.0",
          "resolved": "https://registry.npmjs.org/tslib/-/tslib-1.10.0.tgz",
          "integrity": "sha512-qOebF53frne81cf0S9B41ByenJ3/IuH8yJKngAX35CmiZySA0khhkovshKK+jGCaMnVomla7gVlIcc3EvKPbTQ=="
        }
      }
    },
    "@fortawesome/fontawesome-free": {
      "version": "5.11.2",
      "resolved": "https://registry.npmjs.org/@fortawesome/fontawesome-free/-/fontawesome-free-5.11.2.tgz",
      "integrity": "sha512-XiUPoS79r1G7PcpnNtq85TJ7inJWe0v+b5oZJZKb0pGHNIV6+UiNeQWiFGmuQ0aj7GEhnD/v9iqxIsjuRKtEnQ==",
      "dev": true
    },
    "angular-image-slider": {
      "version": "0.0.9",
      "resolved": "https://registry.npmjs.org/angular-image-slider/-/angular-image-slider-0.0.9.tgz",
      "integrity": "sha512-srQnmxAGVFsgmzk3t0qj4iDAnNXSaa3CL14crCXFgX0JfNUyPniWn31MNmFSamluAKi8VlX0l0edLz8VZ5EAwQ==",
      "requires": {
        "tslib": "^1.9.0"
      },
      "dependencies": {
        "tslib": {
          "version": "1.10.0",
          "resolved": "https://registry.npmjs.org/tslib/-/tslib-1.10.0.tgz",
          "integrity": "sha512-qOebF53frne81cf0S9B41ByenJ3/IuH8yJKngAX35CmiZySA0khhkovshKK+jGCaMnVomla7gVlIcc3EvKPbTQ=="
        }
      }
    },
    "angular-webstorage-service": {
      "version": "1.0.2",
      "resolved": "https://registry.npmjs.org/angular-webstorage-service/-/angular-webstorage-service-1.0.2.tgz",
      "integrity": "sha512-LPTAW+P3DlACdCfOd2Cpg4jqciIIfsIZjQafVl5IrjrcoplpUiOImrKo+R0jfVIZ/V04OJWKDDGqLm9YraDIcw=="
    },
    "bootstrap": {
      "version": "4.4.1",
      "resolved": "https://registry.npmjs.org/bootstrap/-/bootstrap-4.4.1.tgz",
      "integrity": "sha512-tbx5cHubwE6e2ZG7nqM3g/FZ5PQEDMWmMGNrCUBVRPHXTJaH7CBDdsLeu3eCh3B1tzAxTnAbtmrzvWEvT2NNEA=="
    },
    "crypto-js": {
      "version": "3.1.9-1",
      "resolved": "https://registry.npmjs.org/crypto-js/-/crypto-js-3.1.9-1.tgz",
      "integrity": "sha1-/aGedh/Ad+Af+/3G6f38WeiAbNg="
    },
    "ngx-bootstrap": {
      "version": "5.2.0",
      "resolved": "https://registry.npmjs.org/ngx-bootstrap/-/ngx-bootstrap-5.2.0.tgz",
      "integrity": "sha512-fh+OmaEdxCZnVLQFLqexdw4Xv0Lp2Ueq7un52gF26lTENhTAypGWgf2c92HXzbp4W/B0tnwIZ9mzQPwdDMH91w=="
    }
  }
}
